{
    "version": 3,
    "terraform_version": "0.11.7",
    "serial": 6,
    "lineage": "cf751b93-4cc1-28dd-cb29-b688755c4705",
    "modules": [
        {
            "path": [
                "root"
            ],
            "outputs": {
                "public_ip": {
                    "sensitive": false,
                    "type": "string",
                    "value": "34.239.186.141"
                }
            },
            "resources": {
                "aws_instance.example": {
                    "type": "aws_instance",
                    "depends_on": [
                        "aws_security_group.instance"
                    ],
                    "primary": {
                        "id": "i-00a2a45cdecbab8bc",
                        "attributes": {
                            "ami": "ami-40d28157",
                            "arn": "arn:aws:ec2:us-east-1:131511126849:instance/i-00a2a45cdecbab8bc",
                            "associate_public_ip_address": "true",
                            "availability_zone": "us-east-1a",
                            "cpu_core_count": "1",
                            "cpu_threads_per_core": "1",
                            "credit_specification.#": "1",
                            "credit_specification.0.cpu_credits": "standard",
                            "disable_api_termination": "false",
                            "ebs_block_device.#": "0",
                            "ebs_optimized": "false",
                            "ephemeral_block_device.#": "0",
                            "get_password_data": "false",
                            "iam_instance_profile": "",
                            "id": "i-00a2a45cdecbab8bc",
                            "instance_state": "running",
                            "instance_type": "t2.micro",
                            "ipv6_addresses.#": "0",
                            "key_name": "",
                            "monitoring": "false",
                            "network_interface.#": "0",
                            "network_interface_id": "eni-00855a72cb9a02f20",
                            "password_data": "",
                            "placement_group": "",
                            "primary_network_interface_id": "eni-00855a72cb9a02f20",
                            "private_dns": "ip-172-31-24-112.ec2.internal",
                            "private_ip": "172.31.24.112",
                            "public_dns": "ec2-34-239-186-141.compute-1.amazonaws.com",
                            "public_ip": "34.239.186.141",
                            "root_block_device.#": "1",
                            "root_block_device.0.delete_on_termination": "true",
                            "root_block_device.0.iops": "100",
                            "root_block_device.0.volume_id": "vol-008d08d833d15ecdd",
                            "root_block_device.0.volume_size": "8",
                            "root_block_device.0.volume_type": "gp2",
                            "security_groups.#": "1",
                            "security_groups.3705046556": "terraform-example-instance",
                            "source_dest_check": "true",
                            "subnet_id": "subnet-6eba6035",
                            "tags.%": "1",
                            "tags.Name": "terraform-example",
                            "tenancy": "default",
                            "user_data": "b0493c857ef09ff3916fdf8ffd53c411d2b92557",
                            "volume_tags.%": "0",
                            "vpc_security_group_ids.#": "1",
                            "vpc_security_group_ids.1778708451": "sg-01a48b5a0b5eb5266"
                        },
                        "meta": {
                            "e2bfb730-ecaa-11e6-8f88-34363bc7c4c0": {
                                "create": 600000000000,
                                "delete": 1200000000000,
                                "update": 600000000000
                            },
                            "schema_version": "1"
                        },
                        "tainted": false
                    },
                    "deposed": [],
                    "provider": "provider.aws"
                },
                "aws_security_group.instance": {
                    "type": "aws_security_group",
                    "depends_on": [],
                    "primary": {
                        "id": "sg-01a48b5a0b5eb5266",
                        "attributes": {
                            "arn": "arn:aws:ec2:us-east-1:131511126849:security-group/sg-01a48b5a0b5eb5266",
                            "description": "Managed by Terraform",
                            "egress.#": "0",
                            "id": "sg-01a48b5a0b5eb5266",
                            "ingress.#": "1",
                            "ingress.1734363866.cidr_blocks.#": "1",
                            "ingress.1734363866.cidr_blocks.0": "0.0.0.0/0",
                            "ingress.1734363866.description": "",
                            "ingress.1734363866.from_port": "8081",
                            "ingress.1734363866.ipv6_cidr_blocks.#": "0",
                            "ingress.1734363866.protocol": "tcp",
                            "ingress.1734363866.security_groups.#": "0",
                            "ingress.1734363866.self": "false",
                            "ingress.1734363866.to_port": "8081",
                            "name": "terraform-example-instance",
                            "owner_id": "131511126849",
                            "revoke_rules_on_delete": "false",
                            "tags.%": "0",
                            "vpc_id": "vpc-822937e5"
                        },
                        "meta": {
                            "e2bfb730-ecaa-11e6-8f88-34363bc7c4c0": {
                                "create": 600000000000,
                                "delete": 600000000000
                            },
                            "schema_version": "1"
                        },
                        "tainted": false
                    },
                    "deposed": [],
                    "provider": "provider.aws"
                }
            },
            "depends_on": []
        }
    ]
}
